
Microsoft Visual Studio Solution File, Format Version 12.00
# Visual Studio Version 17
VisualStudioVersion = 17.0.31903.59
MinimumVisualStudioVersion = 10.0.40219.1
Project("{FAE04EC0-301F-11D3-BF4B-00C04F79EFBC}") = "FluentScheduler", "FluentScheduler\FluentScheduler.csproj", "{B10960CB-5676-47BF-86E8-843236116112}"
EndProject
Project("{FAE04EC0-301F-11D3-BF4B-00C04F79EFBC}") = "FluentScheduler.TestApplication", "FluentScheduler.TestApplication\FluentScheduler.TestApplication.csproj", "{B6C520E4-30B0-4E64-98E2-DDA2AD36C962}"
EndProject
Project("{FAE04EC0-301F-11D3-BF4B-00C04F79EFBC}") = "FluentScheduler.UnitTests", "FluentScheduler.UnitTests\FluentScheduler.UnitTests.csproj", "{B31D3A92-B9A8-4B40-AE44-53CE2A2CD1EB}"
EndProject
Global
	GlobalSection(SolutionConfigurationPlatforms) = preSolution
		Debug|Any CPU = Debug|Any CPU
		Debug|x64 = Debug|x64
		Debug|x86 = Debug|x86
		Release|Any CPU = Release|Any CPU
		Release|x64 = Release|x64
		Release|x86 = Release|x86
	EndGlobalSection
	GlobalSection(ProjectConfigurationPlatforms) = postSolution
		{B10960CB-5676-47BF-86E8-843236116112}.Debug|Any CPU.ActiveCfg = Debug|Any CPU
		{B10960CB-5676-47BF-86E8-843236116112}.Debug|Any CPU.Build.0 = Debug|Any CPU
		{B10960CB-5676-47BF-86E8-843236116112}.Debug|x64.ActiveCfg = Debug|Any CPU
		{B10960CB-5676-47BF-86E8-843236116112}.Debug|x64.Build.0 = Debug|Any CPU
		{B10960CB-5676-47BF-86E8-843236116112}.Debug|x86.ActiveCfg = Debug|Any CPU
		{B10960CB-5676-47BF-86E8-843236116112}.Debug|x86.Build.0 = Debug|Any CPU
		{B10960CB-5676-47BF-86E8-843236116112}.Release|Any CPU.ActiveCfg = Release|Any CPU
		{B10960CB-5676-47BF-86E8-843236116112}.Release|Any CPU.Build.0 = Release|Any CPU
		{B10960CB-5676-47BF-86E8-843236116112}.Release|x64.ActiveCfg = Release|Any CPU
		{B10960CB-5676-47BF-86E8-843236116112}.Release|x64.Build.0 = Release|Any CPU
		{B10960CB-5676-47BF-86E8-843236116112}.Release|x86.ActiveCfg = Release|Any CPU
		{B10960CB-5676-47BF-86E8-843236116112}.Release|x86.Build.0 = Release|Any CPU
		{B6C520E4-30B0-4E64-98E2-DDA2AD36C962}.Debug|Any CPU.ActiveCfg = Debug|Any CPU
		{B6C520E4-30B0-4E64-98E2-DDA2AD36C962}.Debug|Any CPU.Build.0 = Debug|Any CPU
		{B6C520E4-30B0-4E64-98E2-DDA2AD36C962}.Debug|x64.ActiveCfg = Debug|Any CPU
		{B6C520E4-30B0-4E64-98E2-DDA2AD36C962}.Debug|x64.Build.0 = Debug|Any CPU
		{B6C520E4-30B0-4E64-98E2-DDA2AD36C962}.Debug|x86.ActiveCfg = Debug|Any CPU
		{B6C520E4-30B0-4E64-98E2-DDA2AD36C962}.Debug|x86.Build.0 = Debug|Any CPU
		{B6C520E4-30B0-4E64-98E2-DDA2AD36C962}.Release|Any CPU.ActiveCfg = Release|Any CPU
		{B6C520E4-30B0-4E64-98E2-DDA2AD36C962}.Release|Any CPU.Build.0 = Release|Any CPU
		{B6C520E4-30B0-4E64-98E2-DDA2AD36C962}.Release|x64.ActiveCfg = Release|Any CPU
		{B6C520E4-30B0-4E64-98E2-DDA2AD36C962}.Release|x64.Build.0 = Release|Any CPU
		{B6C520E4-30B0-4E64-98E2-DDA2AD36C962}.Release|x86.ActiveCfg = Release|Any CPU
		{B6C520E4-30B0-4E64-98E2-DDA2AD36C962}.Release|x86.Build.0 = Release|Any CPU
		{B31D3A92-B9A8-4B40-AE44-53CE2A2CD1EB}.Debug|Any CPU.ActiveCfg = Debug|Any CPU
		{B31D3A92-B9A8-4B40-AE44-53CE2A2CD1EB}.Debug|Any CPU.Build.0 = Debug|Any CPU
		{B31D3A92-B9A8-4B40-AE44-53CE2A2CD1EB}.Debug|x64.ActiveCfg = Debug|Any CPU
		{B31D3A92-B9A8-4B40-AE44-53CE2A2CD1EB}.Debug|x64.Build.0 = Debug|Any CPU
		{B31D3A92-B9A8-4B40-AE44-53CE2A2CD1EB}.Debug|x86.ActiveCfg = Debug|Any CPU
		{B31D3A92-B9A8-4B40-AE44-53CE2A2CD1EB}.Debug|x86.Build.0 = Debug|Any CPU
		{B31D3A92-B9A8-4B40-AE44-53CE2A2CD1EB}.Release|Any CPU.ActiveCfg = Release|Any CPU
		{B31D3A92-B9A8-4B40-AE44-53CE2A2CD1EB}.Release|Any CPU.Build.0 = Release|Any CPU
		{B31D3A92-B9A8-4B40-AE44-53CE2A2CD1EB}.Release|x64.ActiveCfg = Release|Any CPU
		{B31D3A92-B9A8-4B40-AE44-53CE2A2CD1EB}.Release|x64.Build.0 = Release|Any CPU
		{B31D3A92-B9A8-4B40-AE44-53CE2A2CD1EB}.Release|x86.ActiveCfg = Release|Any CPU
		{B31D3A92-B9A8-4B40-AE44-53CE2A2CD1EB}.Release|x86.Build.0 = Release|Any CPU
	EndGlobalSection
	GlobalSection(SolutionProperties) = preSolution
		HideSolutionNode = FALSE
	EndGlobalSection
EndGlobal
